
Microsoft Visual Studio Solution File, Format Version 12.00
# Visual Studio Version 17
VisualStudioVersion = 17.2.32519.379
MinimumVisualStudioVersion = 10.0.40219.1
Project("{FAE04EC0-301F-11D3-BF4B-00C04F79EFBC}") = "Lab03_BuiNguyenTruongGiang", "Lab03_BuiNguyenTruongGiang\Lab03_BuiNguyenTruongGiang.csproj", "{3B03909C-1254-4710-95E5-0785CA37F6BA}"
EndProject
Global
	GlobalSection(SolutionConfigurationPlatforms) = preSolution
		Debug|Any CPU = Debug|Any CPU
		Release|Any CPU = Release|Any CPU
	EndGlobalSection
	GlobalSection(ProjectConfigurationPlatforms) = postSolution
		{3B03909C-1254-4710-95E5-0785CA37F6BA}.Debug|Any CPU.ActiveCfg = Debug|Any CPU
		{3B03909C-1254-4710-95E5-0785CA37F6BA}.Debug|Any CPU.Build.0 = Debug|Any CPU
		{3B03909C-1254-4710-95E5-0785CA37F6BA}.Release|Any CPU.ActiveCfg = Release|Any CPU
		{3B03909C-1254-4710-95E5-0785CA37F6BA}.Release|Any CPU.Build.0 = Release|Any CPU
	EndGlobalSection
	GlobalSection(SolutionProperties) = preSolution
		HideSolutionNode = FALSE
	EndGlobalSection
	GlobalSection(ExtensibilityGlobals) = postSolution
		SolutionGuid = {D4CFF1ED-5891-4387-BC50-37106EBC97C7}
	EndGlobalSection
EndGlobal
